
Microsoft Visual Studio Solution File, Format Version 12.00
# Visual Studio Version 17
VisualStudioVersion = 17.9.34607.119
MinimumVisualStudioVersion = 10.0.40219.1
Project("{FAE04EC0-301F-11D3-BF4B-00C04F79EFBC}") = "Mirai-v231", "Mirai-v231\Mirai-v231.csproj", "{292809D3-4A9B-4C7F-96A4-91B60A65E7CE}"
EndProject
Global
	GlobalSection(SolutionConfigurationPlatforms) = preSolution
		Debug|Any CPU = Debug|Any CPU
		Release|Any CPU = Release|Any CPU
	EndGlobalSection
	GlobalSection(ProjectConfigurationPlatforms) = postSolution
		{292809D3-4A9B-4C7F-96A4-91B60A65E7CE}.Debug|Any CPU.ActiveCfg = Debug|Any CPU
		{292809D3-4A9B-4C7F-96A4-91B60A65E7CE}.Debug|Any CPU.Build.0 = Debug|Any CPU
		{292809D3-4A9B-4C7F-96A4-91B60A65E7CE}.Release|Any CPU.ActiveCfg = Release|Any CPU
		{292809D3-4A9B-4C7F-96A4-91B60A65E7CE}.Release|Any CPU.Build.0 = Release|Any CPU
	EndGlobalSection
	GlobalSection(SolutionProperties) = preSolution
		HideSolutionNode = FALSE
	EndGlobalSection
	GlobalSection(ExtensibilityGlobals) = postSolution
		SolutionGuid = {85A54893-FEF3-4F01-8B9E-E2CFA323BECC}
	EndGlobalSection
EndGlobal
